
Microsoft Visual Studio Solution File, Format Version 12.00
# Visual Studio 2013
VisualStudioVersion = 12.0.30723.0
MinimumVisualStudioVersion = 10.0.40219.1
Project("{FAE04EC0-301F-11D3-BF4B-00C04F79EFBC}") = "TibClient", "TibClient\TibClient.csproj", "{580D853E-DC0A-4572-BD96-AEE4E0518A98}"
EndProject
Project("{FAE04EC0-301F-11D3-BF4B-00C04F79EFBC}") = "PriceNetListener", "PriceNetListener\PriceNetListener.csproj", "{A44A5440-0D4F-4D90-88C8-9B01944BDC24}"
EndProject
Project("{FAE04EC0-301F-11D3-BF4B-00C04F79EFBC}") = "Helper", "Helper\Helper.csproj", "{D6BD3046-817C-4B28-A897-A6D657E341AB}"
EndProject
Global
	GlobalSection(SolutionConfigurationPlatforms) = preSolution
		Debug|Any CPU = Debug|Any CPU
		Release|Any CPU = Release|Any CPU
	EndGlobalSection
	GlobalSection(ProjectConfigurationPlatforms) = postSolution
		{580D853E-DC0A-4572-BD96-AEE4E0518A98}.Debug|Any CPU.ActiveCfg = Debug|Any CPU
		{580D853E-DC0A-4572-BD96-AEE4E0518A98}.Debug|Any CPU.Build.0 = Debug|Any CPU
		{580D853E-DC0A-4572-BD96-AEE4E0518A98}.Release|Any CPU.ActiveCfg = Release|Any CPU
		{580D853E-DC0A-4572-BD96-AEE4E0518A98}.Release|Any CPU.Build.0 = Release|Any CPU
		{A44A5440-0D4F-4D90-88C8-9B01944BDC24}.Debug|Any CPU.ActiveCfg = Debug|x86
		{A44A5440-0D4F-4D90-88C8-9B01944BDC24}.Release|Any CPU.ActiveCfg = Release|x86
		{D6BD3046-817C-4B28-A897-A6D657E341AB}.Debug|Any CPU.ActiveCfg = Debug|Any CPU
		{D6BD3046-817C-4B28-A897-A6D657E341AB}.Debug|Any CPU.Build.0 = Debug|Any CPU
		{D6BD3046-817C-4B28-A897-A6D657E341AB}.Release|Any CPU.ActiveCfg = Release|Any CPU
		{D6BD3046-817C-4B28-A897-A6D657E341AB}.Release|Any CPU.Build.0 = Release|Any CPU
	EndGlobalSection
	GlobalSection(SolutionProperties) = preSolution
		HideSolutionNode = FALSE
	EndGlobalSection
EndGlobal
